
Microsoft Visual Studio Solution File, Format Version 12.00
# Visual Studio Version 17
VisualStudioVersion = 17.4.33205.214
MinimumVisualStudioVersion = 10.0.40219.1
Project("{888888A0-9F3D-457C-B088-3A5042F75D52}") = "RuutVõrandit", "RuutVõrandit.pyproj", "{5F8FF94B-2345-4BA8-805E-0B856B5B3460}"
EndProject
Global
	GlobalSection(SolutionConfigurationPlatforms) = preSolution
		Debug|Any CPU = Debug|Any CPU
		Release|Any CPU = Release|Any CPU
	EndGlobalSection
	GlobalSection(ProjectConfigurationPlatforms) = postSolution
		{5F8FF94B-2345-4BA8-805E-0B856B5B3460}.Debug|Any CPU.ActiveCfg = Debug|Any CPU
		{5F8FF94B-2345-4BA8-805E-0B856B5B3460}.Release|Any CPU.ActiveCfg = Release|Any CPU
	EndGlobalSection
	GlobalSection(SolutionProperties) = preSolution
		HideSolutionNode = FALSE
	EndGlobalSection
	GlobalSection(ExtensibilityGlobals) = postSolution
		SolutionGuid = {902DFA2A-A6CD-4E87-AA07-FC46657244F7}
	EndGlobalSection
EndGlobal
